
Microsoft Visual Studio Solution File, Format Version 12.00
Project("{FAE04EC0-301F-11D3-BF4B-00C04F79EFBC}") = "TravisRadiator.Web", "TravisRadiator.Web\TravisRadiator.Web.csproj", "{35B5DB59-66C5-44AF-A89D-BD51C848BFB2}"
EndProject
Project("{FAE04EC0-301F-11D3-BF4B-00C04F79EFBC}") = "TravisRadiator.ApiService", "TravisRadiator.ApiService\TravisRadiator.ApiService.csproj", "{2F80E249-8382-4C4A-99E1-0F6E322EA260}"
EndProject
Project("{FAE04EC0-301F-11D3-BF4B-00C04F79EFBC}") = "TravisRadiator.Tests", "TravisRadiator.Tests\TravisRadiator.Tests.csproj", "{AC936772-4BD2-4696-A074-D7C08F6BB5BD}"
EndProject
Global
	GlobalSection(SolutionConfigurationPlatforms) = preSolution
		Debug|Any CPU = Debug|Any CPU
		Release|Any CPU = Release|Any CPU
	EndGlobalSection
	GlobalSection(ProjectConfigurationPlatforms) = postSolution
		{35B5DB59-66C5-44AF-A89D-BD51C848BFB2}.Debug|Any CPU.ActiveCfg = Debug|Any CPU
		{35B5DB59-66C5-44AF-A89D-BD51C848BFB2}.Debug|Any CPU.Build.0 = Debug|Any CPU
		{35B5DB59-66C5-44AF-A89D-BD51C848BFB2}.Release|Any CPU.ActiveCfg = Release|Any CPU
		{35B5DB59-66C5-44AF-A89D-BD51C848BFB2}.Release|Any CPU.Build.0 = Release|Any CPU
		{2F80E249-8382-4C4A-99E1-0F6E322EA260}.Debug|Any CPU.ActiveCfg = Debug|Any CPU
		{2F80E249-8382-4C4A-99E1-0F6E322EA260}.Debug|Any CPU.Build.0 = Debug|Any CPU
		{2F80E249-8382-4C4A-99E1-0F6E322EA260}.Release|Any CPU.ActiveCfg = Release|Any CPU
		{2F80E249-8382-4C4A-99E1-0F6E322EA260}.Release|Any CPU.Build.0 = Release|Any CPU
		{AC936772-4BD2-4696-A074-D7C08F6BB5BD}.Debug|Any CPU.ActiveCfg = Debug|Any CPU
		{AC936772-4BD2-4696-A074-D7C08F6BB5BD}.Debug|Any CPU.Build.0 = Debug|Any CPU
		{AC936772-4BD2-4696-A074-D7C08F6BB5BD}.Release|Any CPU.ActiveCfg = Release|Any CPU
		{AC936772-4BD2-4696-A074-D7C08F6BB5BD}.Release|Any CPU.Build.0 = Release|Any CPU
	EndGlobalSection
EndGlobal
